
Microsoft Visual Studio Solution File, Format Version 12.00
# Visual Studio 15
VisualStudioVersion = 15.0.28307.421
MinimumVisualStudioVersion = 10.0.40219.1
Project("{FAE04EC0-301F-11D3-BF4B-00C04F79EFBC}") = "Understanding Classes", "Understanding Classes\Understanding Classes.csproj", "{1F602466-5DAA-4DDD-8265-9F3EE1762BF2}"
EndProject
Global
	GlobalSection(SolutionConfigurationPlatforms) = preSolution
		Debug|Any CPU = Debug|Any CPU
		Release|Any CPU = Release|Any CPU
	EndGlobalSection
	GlobalSection(ProjectConfigurationPlatforms) = postSolution
		{1F602466-5DAA-4DDD-8265-9F3EE1762BF2}.Debug|Any CPU.ActiveCfg = Debug|Any CPU
		{1F602466-5DAA-4DDD-8265-9F3EE1762BF2}.Debug|Any CPU.Build.0 = Debug|Any CPU
		{1F602466-5DAA-4DDD-8265-9F3EE1762BF2}.Release|Any CPU.ActiveCfg = Release|Any CPU
		{1F602466-5DAA-4DDD-8265-9F3EE1762BF2}.Release|Any CPU.Build.0 = Release|Any CPU
	EndGlobalSection
	GlobalSection(SolutionProperties) = preSolution
		HideSolutionNode = FALSE
	EndGlobalSection
	GlobalSection(ExtensibilityGlobals) = postSolution
		SolutionGuid = {4C81B609-39A1-492C-9922-3348B6E7E530}
	EndGlobalSection
EndGlobal
